
Microsoft Visual Studio Solution File, Format Version 12.00
# Visual Studio Version 17
VisualStudioVersion = 17.11.35303.130
MinimumVisualStudioVersion = 10.0.40219.1
Project("{FAE04EC0-301F-11D3-BF4B-00C04F79EFBC}") = "ElementID", "ElementID\ElementID.csproj", "{CE773268-5D89-4AED-BB8D-8D541741FCDD}"
EndProject
Global
	GlobalSection(SolutionConfigurationPlatforms) = preSolution
		Debug|Any CPU = Debug|Any CPU
		Release|Any CPU = Release|Any CPU
	EndGlobalSection
	GlobalSection(ProjectConfigurationPlatforms) = postSolution
		{CE773268-5D89-4AED-BB8D-8D541741FCDD}.Debug|Any CPU.ActiveCfg = Debug|Any CPU
		{CE773268-5D89-4AED-BB8D-8D541741FCDD}.Debug|Any CPU.Build.0 = Debug|Any CPU
		{CE773268-5D89-4AED-BB8D-8D541741FCDD}.Release|Any CPU.ActiveCfg = Release|Any CPU
		{CE773268-5D89-4AED-BB8D-8D541741FCDD}.Release|Any CPU.Build.0 = Release|Any CPU
	EndGlobalSection
	GlobalSection(SolutionProperties) = preSolution
		HideSolutionNode = FALSE
	EndGlobalSection
	GlobalSection(ExtensibilityGlobals) = postSolution
		SolutionGuid = {BC6496A2-CE3E-43D4-8DDC-DF8AF4528C9D}
	EndGlobalSection
EndGlobal
